
Microsoft Visual Studio Solution File, Format Version 11.00
# Visual Studio 2010 Express for Windows Phone
Project("{FAE04EC0-301F-11D3-BF4B-00C04F79EFBC}") = "iTVOD_WindowPhone7", "iTVOD_WindowPhone7\iTVOD_WindowPhone7.csproj", "{70304908-7CA0-4456-84D7-7AC5ED0CA8C9}"
EndProject
Global
	GlobalSection(SolutionConfigurationPlatforms) = preSolution
		Debug|Any CPU = Debug|Any CPU
		Release|Any CPU = Release|Any CPU
	EndGlobalSection
	GlobalSection(ProjectConfigurationPlatforms) = postSolution
		{70304908-7CA0-4456-84D7-7AC5ED0CA8C9}.Debug|Any CPU.ActiveCfg = Debug|Any CPU
		{70304908-7CA0-4456-84D7-7AC5ED0CA8C9}.Debug|Any CPU.Build.0 = Debug|Any CPU
		{70304908-7CA0-4456-84D7-7AC5ED0CA8C9}.Debug|Any CPU.Deploy.0 = Debug|Any CPU
		{70304908-7CA0-4456-84D7-7AC5ED0CA8C9}.Release|Any CPU.ActiveCfg = Release|Any CPU
		{70304908-7CA0-4456-84D7-7AC5ED0CA8C9}.Release|Any CPU.Build.0 = Release|Any CPU
		{70304908-7CA0-4456-84D7-7AC5ED0CA8C9}.Release|Any CPU.Deploy.0 = Release|Any CPU
	EndGlobalSection
	GlobalSection(SolutionProperties) = preSolution
		HideSolutionNode = FALSE
	EndGlobalSection
EndGlobal
