
Microsoft Visual Studio Solution File, Format Version 11.00
# Visual Studio 2010 Express for Windows Phone
Project("{FAE04EC0-301F-11D3-BF4B-00C04F79EFBC}") = "Example_5_MediaPlayerDemo", "Example_5_MediaPlayerDemo\Example_5_MediaPlayerDemo.csproj", "{BEFFB8BC-92E6-49DA-BD4B-2E4773ADA796}"
EndProject
Global
	GlobalSection(SolutionConfigurationPlatforms) = preSolution
		Debug|Any CPU = Debug|Any CPU
		Release|Any CPU = Release|Any CPU
	EndGlobalSection
	GlobalSection(ProjectConfigurationPlatforms) = postSolution
		{BEFFB8BC-92E6-49DA-BD4B-2E4773ADA796}.Debug|Any CPU.ActiveCfg = Debug|Any CPU
		{BEFFB8BC-92E6-49DA-BD4B-2E4773ADA796}.Debug|Any CPU.Build.0 = Debug|Any CPU
		{BEFFB8BC-92E6-49DA-BD4B-2E4773ADA796}.Debug|Any CPU.Deploy.0 = Debug|Any CPU
		{BEFFB8BC-92E6-49DA-BD4B-2E4773ADA796}.Release|Any CPU.ActiveCfg = Release|Any CPU
		{BEFFB8BC-92E6-49DA-BD4B-2E4773ADA796}.Release|Any CPU.Build.0 = Release|Any CPU
		{BEFFB8BC-92E6-49DA-BD4B-2E4773ADA796}.Release|Any CPU.Deploy.0 = Release|Any CPU
	EndGlobalSection
	GlobalSection(SolutionProperties) = preSolution
		HideSolutionNode = FALSE
	EndGlobalSection
EndGlobal
