
Microsoft Visual Studio Solution File, Format Version 11.00
# Visual Studio 2010 Express for Windows Phone
Project("{FAE04EC0-301F-11D3-BF4B-00C04F79EFBC}") = "Example_2_CurrencyConversion", "Example_2_CurrencyConversion\Example_2_CurrencyConversion.csproj", "{2FEA4893-19F4-463E-899D-A4D993F2D423}"
EndProject
Global
	GlobalSection(SolutionConfigurationPlatforms) = preSolution
		Debug|Any CPU = Debug|Any CPU
		Release|Any CPU = Release|Any CPU
	EndGlobalSection
	GlobalSection(ProjectConfigurationPlatforms) = postSolution
		{2FEA4893-19F4-463E-899D-A4D993F2D423}.Debug|Any CPU.ActiveCfg = Debug|Any CPU
		{2FEA4893-19F4-463E-899D-A4D993F2D423}.Debug|Any CPU.Build.0 = Debug|Any CPU
		{2FEA4893-19F4-463E-899D-A4D993F2D423}.Debug|Any CPU.Deploy.0 = Debug|Any CPU
		{2FEA4893-19F4-463E-899D-A4D993F2D423}.Release|Any CPU.ActiveCfg = Release|Any CPU
		{2FEA4893-19F4-463E-899D-A4D993F2D423}.Release|Any CPU.Build.0 = Release|Any CPU
		{2FEA4893-19F4-463E-899D-A4D993F2D423}.Release|Any CPU.Deploy.0 = Release|Any CPU
	EndGlobalSection
	GlobalSection(SolutionProperties) = preSolution
		HideSolutionNode = FALSE
	EndGlobalSection
EndGlobal
