
Microsoft Visual Studio Solution File, Format Version 11.00
# Visual Studio 2010 Express for Windows Phone
Project("{FAE04EC0-301F-11D3-BF4B-00C04F79EFBC}") = "Example_2_TrialExample", "Example_2_TrialExample\Example_2_TrialExample.csproj", "{EE0B702B-3372-4B2B-BEE9-AB05761ADD6B}"
EndProject
Global
	GlobalSection(SolutionConfigurationPlatforms) = preSolution
		Debug|Any CPU = Debug|Any CPU
		Release|Any CPU = Release|Any CPU
	EndGlobalSection
	GlobalSection(ProjectConfigurationPlatforms) = postSolution
		{EE0B702B-3372-4B2B-BEE9-AB05761ADD6B}.Debug|Any CPU.ActiveCfg = Debug|Any CPU
		{EE0B702B-3372-4B2B-BEE9-AB05761ADD6B}.Debug|Any CPU.Build.0 = Debug|Any CPU
		{EE0B702B-3372-4B2B-BEE9-AB05761ADD6B}.Debug|Any CPU.Deploy.0 = Debug|Any CPU
		{EE0B702B-3372-4B2B-BEE9-AB05761ADD6B}.Release|Any CPU.ActiveCfg = Release|Any CPU
		{EE0B702B-3372-4B2B-BEE9-AB05761ADD6B}.Release|Any CPU.Build.0 = Release|Any CPU
		{EE0B702B-3372-4B2B-BEE9-AB05761ADD6B}.Release|Any CPU.Deploy.0 = Release|Any CPU
	EndGlobalSection
	GlobalSection(SolutionProperties) = preSolution
		HideSolutionNode = FALSE
	EndGlobalSection
EndGlobal
